
Microsoft Visual Studio Solution File, Format Version 12.00
# Visual Studio Version 16
VisualStudioVersion = 16.0.31205.134
MinimumVisualStudioVersion = 10.0.40219.1
Project("{FAE04EC0-301F-11D3-BF4B-00C04F79EFBC}") = "kursovaya2", "kursovaya2\kursovaya2.csproj", "{A7F6D990-E35D-46E4-B0AA-2ECD2BDCC831}"
EndProject
Global
	GlobalSection(SolutionConfigurationPlatforms) = preSolution
		Debug|Any CPU = Debug|Any CPU
		Release|Any CPU = Release|Any CPU
	EndGlobalSection
	GlobalSection(ProjectConfigurationPlatforms) = postSolution
		{A7F6D990-E35D-46E4-B0AA-2ECD2BDCC831}.Debug|Any CPU.ActiveCfg = Debug|Any CPU
		{A7F6D990-E35D-46E4-B0AA-2ECD2BDCC831}.Debug|Any CPU.Build.0 = Debug|Any CPU
		{A7F6D990-E35D-46E4-B0AA-2ECD2BDCC831}.Release|Any CPU.ActiveCfg = Release|Any CPU
		{A7F6D990-E35D-46E4-B0AA-2ECD2BDCC831}.Release|Any CPU.Build.0 = Release|Any CPU
	EndGlobalSection
	GlobalSection(SolutionProperties) = preSolution
		HideSolutionNode = FALSE
	EndGlobalSection
	GlobalSection(ExtensibilityGlobals) = postSolution
		SolutionGuid = {0BC89555-D4B8-490A-8FE6-A96E0A59B73D}
	EndGlobalSection
EndGlobal
